
Microsoft Visual Studio Solution File, Format Version 12.00
# Visual Studio Version 16
VisualStudioVersion = 16.0.30907.101
MinimumVisualStudioVersion = 10.0.40219.1
Project("{FAE04EC0-301F-11D3-BF4B-00C04F79EFBC}") = "SMARTHealthCardImmunizationPoC-ConsoleApp", "SMARTHealthCardImmunizationPoC-ConsoleApp\SMARTHealthCardImmunizationPoC-ConsoleApp.csproj", "{C29677A6-ED58-4137-BB12-0C128C4DC713}"
EndProject
Global
	GlobalSection(SolutionConfigurationPlatforms) = preSolution
		Debug|Any CPU = Debug|Any CPU
		Release|Any CPU = Release|Any CPU
	EndGlobalSection
	GlobalSection(ProjectConfigurationPlatforms) = postSolution
		{C29677A6-ED58-4137-BB12-0C128C4DC713}.Debug|Any CPU.ActiveCfg = Debug|Any CPU
		{C29677A6-ED58-4137-BB12-0C128C4DC713}.Debug|Any CPU.Build.0 = Debug|Any CPU
		{C29677A6-ED58-4137-BB12-0C128C4DC713}.Release|Any CPU.ActiveCfg = Release|Any CPU
		{C29677A6-ED58-4137-BB12-0C128C4DC713}.Release|Any CPU.Build.0 = Release|Any CPU
	EndGlobalSection
	GlobalSection(SolutionProperties) = preSolution
		HideSolutionNode = FALSE
	EndGlobalSection
	GlobalSection(ExtensibilityGlobals) = postSolution
		SolutionGuid = {16B5015C-CED7-4ABC-B2C5-10040D7E7455}
	EndGlobalSection
EndGlobal
